
Microsoft Visual Studio Solution File, Format Version 12.00
# Visual Studio Version 17
VisualStudioVersion = 17.4.33403.182
MinimumVisualStudioVersion = 10.0.40219.1
Project("{FAE04EC0-301F-11D3-BF4B-00C04F79EFBC}") = "UnderstandingArrays", "UnderstandingArrays.csproj", "{AD0967C6-42E6-450C-B25C-3786CA738C25}"
EndProject
Global
	GlobalSection(SolutionConfigurationPlatforms) = preSolution
		Debug|Any CPU = Debug|Any CPU
		Release|Any CPU = Release|Any CPU
	EndGlobalSection
	GlobalSection(ProjectConfigurationPlatforms) = postSolution
		{AD0967C6-42E6-450C-B25C-3786CA738C25}.Debug|Any CPU.ActiveCfg = Debug|Any CPU
		{AD0967C6-42E6-450C-B25C-3786CA738C25}.Debug|Any CPU.Build.0 = Debug|Any CPU
		{AD0967C6-42E6-450C-B25C-3786CA738C25}.Release|Any CPU.ActiveCfg = Release|Any CPU
		{AD0967C6-42E6-450C-B25C-3786CA738C25}.Release|Any CPU.Build.0 = Release|Any CPU
	EndGlobalSection
	GlobalSection(SolutionProperties) = preSolution
		HideSolutionNode = FALSE
	EndGlobalSection
	GlobalSection(ExtensibilityGlobals) = postSolution
		SolutionGuid = {FF2AB027-D294-4D6C-A169-884B723AC8ED}
	EndGlobalSection
EndGlobal
